PODS:
  - QCloudCore (6.4.5):
    - QCloudCore/Default (= 6.4.5)
  - QCloudCore/Default (6.4.5):
    - QCloudTrack/Beacon (= 6.4.5)
  - QCloudCOSSMH/WithoutCoreVersion (1.0.1):
    - QCloudCore
  - QCloudTrack/Beacon (6.4.5)

DEPENDENCIES:
  - QCloudCOSSMH/WithoutCoreVersion (from `../`)

SPEC REPOS:
  trunk:
    - QCloudCore
    - QCloudTrack

EXTERNAL SOURCES:
  QCloudCOSSMH:
    :path: "../"

SPEC CHECKSUMS:
  QCloudCore: a1c543624fe34c5e98c92b7faf421a23f57ad5e3
  QCloudCOSSMH: a672ae1bbf6663fefdd899288d2c3bc7e69e4b86
  QCloudTrack: 6bf7aaa7e870d72fb4c9c88455dc63c7c65073b7

PODFILE CHECKSUM: 91efc64246e548aa276c9919677ae4f440febd61

COCOAPODS: 1.15.2
